
Microsoft Visual Studio Solution File, Format Version 12.00
# Visual Studio Version 16
VisualStudioVersion = 16.0.34114.132
MinimumVisualStudioVersion = 10.0.40219.1
Project("{FAE04EC0-301F-11D3-BF4B-00C04F79EFBC}") = "MatchingGame", "MatchingGame\MatchingGame.csproj", "{820C8814-5657-4449-B1C6-5D7D52FCF3E3}"
EndProject
Global
	GlobalSection(SolutionConfigurationPlatforms) = preSolution
		Debug|Any CPU = Debug|Any CPU
		Release|Any CPU = Release|Any CPU
	EndGlobalSection
	GlobalSection(ProjectConfigurationPlatforms) = postSolution
		{820C8814-5657-4449-B1C6-5D7D52FCF3E3}.Debug|Any CPU.ActiveCfg = Debug|Any CPU
		{820C8814-5657-4449-B1C6-5D7D52FCF3E3}.Debug|Any CPU.Build.0 = Debug|Any CPU
		{820C8814-5657-4449-B1C6-5D7D52FCF3E3}.Release|Any CPU.ActiveCfg = Release|Any CPU
		{820C8814-5657-4449-B1C6-5D7D52FCF3E3}.Release|Any CPU.Build.0 = Release|Any CPU
	EndGlobalSection
	GlobalSection(SolutionProperties) = preSolution
		HideSolutionNode = FALSE
	EndGlobalSection
	GlobalSection(ExtensibilityGlobals) = postSolution
		SolutionGuid = {FDA19C30-ADEA-47BC-A45B-4AEE50155D3B}
	EndGlobalSection
EndGlobal
